# This file was autogenerated by Stack.
# You should not edit this file by hand.
# For more information, please see the documentation at:
#   https://docs.haskellstack.org/en/stable/lock_files

packages:
- completed:
    hackage: vector-sized-1.0.2.0@sha256:3599d10499987fbaef02a1dd8f4fd6d437d9f41b538ce3f44ccb78a29e20c517,1558
    pantry-tree:
      size: 883
      sha256: 52301668521eaf4b858e3c071719b836426669caa51ca5648a9cf671692ba710
  original:
    hackage: vector-sized-1.0.2.0
- completed:
    hackage: indexed-list-literals-0.2.1.1@sha256:116d268d6cb0a600a7286a6b421aa98641b874f1438d738d039f96513ac85e69,2373
    pantry-tree:
      size: 341
      sha256: 32e48c536278612021166a42c6c95f241bfd1fbcfdbc45b59a5519df32c7071a
  original:
    hackage: indexed-list-literals-0.2.1.1
- completed:
    hackage: Useful-0.0.6@sha256:298a5965cbbea44c9db39b61b102cd2b9129c5a78c3639bf2c176d1103f06581,624
    pantry-tree:
      size: 481
      sha256: 461fa96b1df1f31ae43f2573e9a0bd2a2930c1c3e04df9b6208c9f7897cf93b5
  original:
    hackage: Useful-0.0.6
- completed:
    hackage: list-extras-0.4.1.4@sha256:ed748395742238cb0824658a5cb916d3796817eb75fdd6632557ddfcd5429b7e,2394
    pantry-tree:
      size: 527
      sha256: 3887778ba91ac11e94300a82ce0898d9ce80dadcde7994676f3e66e7aee13bb7
  original:
    hackage: list-extras-0.4.1.4
- completed:
    hackage: toolshed-0.18.0.0@sha256:fde1ce8d475f2f218bf911d2cb9d9392d004e1a38ee7069f858ec70a30f16a80,3952
    pantry-tree:
      size: 2929
      sha256: 468a8bafbbd03abfa770b08bccf0835a8dbbe781c038762f864e33cc5ca9da17
  original:
    hackage: toolshed-0.18.0.0
- completed:
    subdir: classes
    cabal-file:
      size: 1697
      sha256: 104c3013ab61592fbe5b05f20a92284d322724318a00de0e700def9122ed67a1
    name: concat-classes
    version: 0.3.0.0
    git: https://github.com/conal/concat.git
    pantry-tree:
      size: 1067
      sha256: 90f86a9834b3b1ebd9f0d43ab675c5397b4abbb4b03589434161386c0f97a889
    commit: c45b1e6b352c7be09d8e92e6669b8f6aac36063d
  original:
    subdir: classes
    git: https://github.com/conal/concat.git
    commit: c45b1e6b352c7be09d8e92e6669b8f6aac36063d
- completed:
    subdir: examples
    cabal-file:
      size: 7950
      sha256: bc95ed21532a2023e66ae044a745fa7a4dfd70e4720a6e5bae489f8baa3fbf2f
    name: concat-examples
    version: 0.3.0.0
    git: https://github.com/conal/concat.git
    pantry-tree:
      size: 9064
      sha256: 5343adf0d7b9cb110f4f992a384d1cc5681ed54edd53d9f5d68d52d80f5351c5
    commit: c45b1e6b352c7be09d8e92e6669b8f6aac36063d
  original:
    subdir: examples
    git: https://github.com/conal/concat.git
    commit: c45b1e6b352c7be09d8e92e6669b8f6aac36063d
- completed:
    subdir: inline
    cabal-file:
      size: 815
      sha256: d5d57292bfce1359b27af708ad985b12b777a85fdd8b4fd2325e4d4fa30b0009
    name: concat-inline
    version: 0.1.0.0
    git: https://github.com/conal/concat.git
    pantry-tree:
      size: 319
      sha256: f85cbbdfca3b7cde66a920534c7cf2cbaf37854448f2e1e88bdce351b5f8500a
    commit: c45b1e6b352c7be09d8e92e6669b8f6aac36063d
  original:
    subdir: inline
    git: https://github.com/conal/concat.git
    commit: c45b1e6b352c7be09d8e92e6669b8f6aac36063d
- completed:
    subdir: satisfy
    cabal-file:
      size: 941
      sha256: 756cb8966beb6970cf86b6b07814f0c2009000b4b0f90504c7ae7b10d8b70176
    name: concat-satisfy
    version: 0.1.0.0
    git: https://github.com/conal/concat.git
    pantry-tree:
      size: 374
      sha256: a4759d46e7cc08623e1881c7e498d09ea4167584b7587b8a02907c5306e494aa
    commit: c45b1e6b352c7be09d8e92e6669b8f6aac36063d
  original:
    subdir: satisfy
    git: https://github.com/conal/concat.git
    commit: c45b1e6b352c7be09d8e92e6669b8f6aac36063d
- completed:
    subdir: known
    cabal-file:
      size: 745
      sha256: 178fc68696d689967156e319fd086dfaaad0b0ef71414603e019b80228775aac
    name: concat-known
    version: 0.1.0.0
    git: https://github.com/conal/concat.git
    pantry-tree:
      size: 167
      sha256: 499eab56f544622e1afcec18013eba78bfec948637f3f82b8f2854860645d6ad
    commit: c45b1e6b352c7be09d8e92e6669b8f6aac36063d
  original:
    subdir: known
    git: https://github.com/conal/concat.git
    commit: c45b1e6b352c7be09d8e92e6669b8f6aac36063d
- completed:
    subdir: plugin
    cabal-file:
      size: 1408
      sha256: 9d6a68024e280487be0537b1bd551ed370547ddb18f1be5c782c4252f11af285
    name: concat-plugin
    version: 0.3.0.0
    git: https://github.com/conal/concat.git
    pantry-tree:
      size: 400
      sha256: f352b50da68345accd9e45c0b8bb778253b7f69d1ee92394ab600f864dd5a4f4
    commit: c45b1e6b352c7be09d8e92e6669b8f6aac36063d
  original:
    subdir: plugin
    git: https://github.com/conal/concat.git
    commit: c45b1e6b352c7be09d8e92e6669b8f6aac36063d
snapshots:
- completed:
    size: 527182
    url: https://raw.githubusercontent.com/commercialhaskell/stackage-snapshots/master/lts/11/14.yaml
    sha256: b4cbb55d71ef0e49a058cc057c0282acfa5c409f42a59a48552548bd510ab73c
  original: lts-11.14
